// !$*UTF8*$!
{
	archiveVersion = 1;
	classes = {
	};
	objectVersion = 46;
	objects = {

/* Begin PBXBuildFile section */
		1804642E1CBF0BCF0019A0C1 /* ViewController2.swift in Sources */ = {isa = PBXBuildFile; fileRef = 1804642D1CBF0BCF0019A0C1 /* ViewController2.swift */; };
		180464321CBFC2700019A0C1 /* ViewController3.swift in Sources */ = {isa = PBXBuildFile; fileRef = 180464311CBFC2700019A0C1 /* ViewController3.swift */; };
		180464381CBFF0BE0019A0C1 /* ViewController4.swift in Sources */ = {isa = PBXBuildFile; fileRef = 180464371CBFF0BE0019A0C1 /* ViewController4.swift */; };
		182375661D14397D00DC4DB7 /* NotificationCenter.framework in Frameworks */ = {isa = PBXBuildFile; fileRef = 182375651D14397D00DC4DB7 /* NotificationCenter.framework */; };
		182375691D14397D00DC4DB7 /* TodayViewController.swift in Sources */ = {isa = PBXBuildFile; fileRef = 182375681D14397D00DC4DB7 /* TodayViewController.swift */; };
		1823756C1D14397D00DC4DB7 /* MainInterface.storyboard in Resources */ = {isa = PBXBuildFile; fileRef = 1823756A1D14397D00DC4DB7 /* MainInterface.storyboard */; };
		182375701D14397D00DC4DB7 /* DovAppExtension.appex in Embed App Extensions */ = {isa = PBXBuildFile; fileRef = 182375641D14397D00DC4DB7 /* DovAppExtension.appex */; settings = {ATTRIBUTES = (RemoveHeadersOnCopy, ); }; };
		182375781D14A9AF00DC4DB7 /* NotificationCenter.framework in Frameworks */ = {isa = PBXBuildFile; fileRef = 182375651D14397D00DC4DB7 /* NotificationCenter.framework */; settings = {ATTRIBUTES = (Required, ); }; };
		184806EE1CCEA03600763E00 /* Images.xcassets in Resources */ = {isa = PBXBuildFile; fileRef = 184806ED1CCEA03600763E00 /* Images.xcassets */; };
		18E2A4391CBEBEFE001DF460 /* AppDelegate.swift in Sources */ = {isa = PBXBuildFile; fileRef = 18E2A4381CBEBEFE001DF460 /* AppDelegate.swift */; };
		18E2A43B1CBEBEFE001DF460 /* ViewController.swift in Sources */ = {isa = PBXBuildFile; fileRef = 18E2A43A1CBEBEFE001DF460 /* ViewController.swift */; };
		18E2A43E1CBEBEFE001DF460 /* Main.storyboard in Resources */ = {isa = PBXBuildFile; fileRef = 18E2A43C1CBEBEFE001DF460 /* Main.storyboard */; };
		18E2A4401CBEBEFE001DF460 /* Assets.xcassets in Resources */ = {isa = PBXBuildFile; fileRef = 18E2A43F1CBEBEFE001DF460 /* Assets.xcassets */; };
		18E2A4431CBEBEFE001DF460 /* LaunchScreen.storyboard in Resources */ = {isa = PBXBuildFile; fileRef = 18E2A4411CBEBEFE001DF460 /* LaunchScreen.storyboard */; };
		18E9EFAD1D0890C80076D452 /* MapKit.framework in Frameworks */ = {isa = PBXBuildFile; fileRef = 18E9EFAC1D0890C80076D452 /* MapKit.framework */; };
		18F25B231D01C19F00AD3C46 /* Dovs_AppTests.swift in Sources */ = {isa = PBXBuildFile; fileRef = 18F25B221D01C19F00AD3C46 /* Dovs_AppTests.swift */; };
/* End PBXBuildFile section */

/* Begin PBXContainerItemProxy section */
		1823756E1D14397D00DC4DB7 /* PBXContainerItemProxy */ = {
			isa = PBXContainerItemProxy;
			containerPortal = 18E2A42D1CBEBEFE001DF460 /* Project object */;
			proxyType = 1;
			remoteGlobalIDString = 182375631D14397C00DC4DB7;
			remoteInfo = DovAppExtension;
		};
		18E2A44A1CBEBEFF001DF460 /* PBXContainerItemProxy */ = {
			isa = PBXContainerItemProxy;
			containerPortal = 18E2A42D1CBEBEFE001DF460 /* Project object */;
			proxyType = 1;
			remoteGlobalIDString = 18E2A4341CBEBEFE001DF460;
			remoteInfo = "Dovs App";
		};
/* End PBXContainerItemProxy section */

/* Begin PBXCopyFilesBuildPhase section */
		182375741D14397D00DC4DB7 /* Embed App Extensions */ = {
			isa = PBXCopyFilesBuildPhase;
			buildActionMask = 2147483647;
			dstPath = "";
			dstSubfolderSpec = 13;
			files = (
				182375701D14397D00DC4DB7 /* DovAppExtension.appex in Embed App Extensions */,
			);
			name = "Embed App Extensions";
			runOnlyForDeploymentPostprocessing = 0;
		};
/* End PBXCopyFilesBuildPhase section */

/* Begin PBXFileReference section */
		1804642D1CBF0BCF0019A0C1 /* ViewController2.swift */ = {isa = PBXFileReference; fileEncoding = 4; lastKnownFileType = sourcecode.swift; path = ViewController2.swift; sourceTree = "<group>"; };
		180464311CBFC2700019A0C1 /* ViewController3.swift */ = {isa = PBXFileReference; fileEncoding = 4; lastKnownFileType = sourcecode.swift; path = ViewController3.swift; sourceTree = "<group>"; };
		180464371CBFF0BE0019A0C1 /* ViewController4.swift */ = {isa = PBXFileReference; fileEncoding = 4; lastKnownFileType = sourcecode.swift; path = ViewController4.swift; sourceTree = "<group>"; };
		182375641D14397D00DC4DB7 /* DovAppExtension.appex */ = {isa = PBXFileReference; explicitFileType = "wrapper.app-extension"; includeInIndex = 0; path = DovAppExtension.appex; sourceTree = BUILT_PRODUCTS_DIR; };
		182375651D14397D00DC4DB7 /* NotificationCenter.framework */ = {isa = PBXFileReference; lastKnownFileType = wrapper.framework; name = NotificationCenter.framework; path = System/Library/Frameworks/NotificationCenter.framework; sourceTree = SDKROOT; };
		182375681D14397D00DC4DB7 /* TodayViewController.swift */ = {isa = PBXFileReference; lastKnownFileType = sourcecode.swift; path = TodayViewController.swift; sourceTree = "<group>"; };
		1823756B1D14397D00DC4DB7 /* Base */ = {isa = PBXFileReference; lastKnownFileType = file.storyboard; name = Base; path = Base.lproj/MainInterface.storyboard; sourceTree = "<group>"; };
		1823756D1D14397D00DC4DB7 /* Info.plist */ = {isa = PBXFileReference; lastKnownFileType = text.plist.xml; path = Info.plist; sourceTree = "<group>"; };
		182375751D143F1700DC4DB7 /* Dovs App.entitlements */ = {isa = PBXFileReference; lastKnownFileType = text.xml; path = "Dovs App.entitlements"; sourceTree = "<group>"; };
		184806ED1CCEA03600763E00 /* Images.xcassets */ = {isa = PBXFileReference; lastKnownFileType = folder.assetcatalog; path = Images.xcassets; sourceTree = "<group>"; };
		18E2A4351CBEBEFE001DF460 /* Dovs App.app */ = {isa = PBXFileReference; explicitFileType = wrapper.application; includeInIndex = 0; path = "Dovs App.app"; sourceTree = BUILT_PRODUCTS_DIR; };
		18E2A4381CBEBEFE001DF460 /* AppDelegate.swift */ = {isa = PBXFileReference; lastKnownFileType = sourcecode.swift; path = AppDelegate.swift; sourceTree = "<group>"; };
		18E2A43A1CBEBEFE001DF460 /* ViewController.swift */ = {isa = PBXFileReference; lastKnownFileType = sourcecode.swift; path = ViewController.swift; sourceTree = "<group>"; };
		18E2A43D1CBEBEFE001DF460 /* Base */ = {isa = PBXFileReference; lastKnownFileType = file.storyboard; name = Base; path = Base.lproj/Main.storyboard; sourceTree = "<group>"; };
		18E2A43F1CBEBEFE001DF460 /* Assets.xcassets */ = {isa = PBXFileReference; lastKnownFileType = folder.assetcatalog; path = Assets.xcassets; sourceTree = "<group>"; };
		18E2A4421CBEBEFE001DF460 /* Base */ = {isa = PBXFileReference; lastKnownFileType = file.storyboard; name = Base; path = Base.lproj/LaunchScreen.storyboard; sourceTree = "<group>"; };
		18E2A4441CBEBEFE001DF460 /* Info.plist */ = {isa = PBXFileReference; lastKnownFileType = text.plist.xml; path = Info.plist; sourceTree = "<group>"; };
		18E2A4491CBEBEFF001DF460 /* Dovs AppTests.xctest */ = {isa = PBXFileReference; explicitFileType = wrapper.cfbundle; includeInIndex = 0; path = "Dovs AppTests.xctest"; sourceTree = BUILT_PRODUCTS_DIR; };
		18E2A44F1CBEBEFF001DF460 /* Info.plist */ = {isa = PBXFileReference; lastKnownFileType = text.plist.xml; path = Info.plist; sourceTree = "<group>"; };
		18E9EFAC1D0890C80076D452 /* MapKit.framework */ = {isa = PBXFileReference; lastKnownFileType = wrapper.framework; name = MapKit.framework; path = System/Library/Frameworks/MapKit.framework; sourceTree = SDKROOT; };
		18F25B221D01C19F00AD3C46 /* Dovs_AppTests.swift */ = {isa = PBXFileReference; fileEncoding = 4; lastKnownFileType = sourcecode.swift; path = Dovs_AppTests.swift; sourceTree = "<group>"; };
/* End PBXFileReference section */

/* Begin PBXFrameworksBuildPhase section */
		182375611D14397C00DC4DB7 /* Frameworks */ = {
			isa = PBXFrameworksBuildPhase;
			buildActionMask = 2147483647;
			files = (
				182375661D14397D00DC4DB7 /* NotificationCenter.framework in Frameworks */,
			);
			runOnlyForDeploymentPostprocessing = 0;
		};
		18E2A4321CBEBEFE001DF460 /* Frameworks */ = {
			isa = PBXFrameworksBuildPhase;
			buildActionMask = 2147483647;
			files = (
				182375781D14A9AF00DC4DB7 /* NotificationCenter.framework in Frameworks */,
				18E9EFAD1D0890C80076D452 /* MapKit.framework in Frameworks */,
			);
			runOnlyForDeploymentPostprocessing = 0;
		};
		18E2A4461CBEBEFF001DF460 /* Frameworks */ = {
			isa = PBXFrameworksBuildPhase;
			buildActionMask = 2147483647;
			files = (
			);
			runOnlyForDeploymentPostprocessing = 0;
		};
/* End PBXFrameworksBuildPhase section */

/* Begin PBXGroup section */
		182375671D14397D00DC4DB7 /* DovAppExtension */ = {
			isa = PBXGroup;
			children = (
				182375681D14397D00DC4DB7 /* TodayViewController.swift */,
				1823756A1D14397D00DC4DB7 /* MainInterface.storyboard */,
				1823756D1D14397D00DC4DB7 /* Info.plist */,
			);
			name = DovAppExtension;
			path = ../DovAppExtension;
			sourceTree = "<group>";
		};
		183C7EBA1D00AB5100CF496F /* View controllers code */ = {
			isa = PBXGroup;
			children = (
				18E2A43A1CBEBEFE001DF460 /* ViewController.swift */,
				1804642D1CBF0BCF0019A0C1 /* ViewController2.swift */,
				180464311CBFC2700019A0C1 /* ViewController3.swift */,
				180464371CBFF0BE0019A0C1 /* ViewController4.swift */,
			);
			name = "View controllers code";
			sourceTree = "<group>";
		};
		183C7EBB1D00AD2400CF496F /* Storyboards */ = {
			isa = PBXGroup;
			children = (
				18E2A43C1CBEBEFE001DF460 /* Main.storyboard */,
				18E2A4411CBEBEFE001DF460 /* LaunchScreen.storyboard */,
			);
			name = Storyboards;
			sourceTree = "<group>";
		};
		18E2A42C1CBEBEFE001DF460 = {
			isa = PBXGroup;
			children = (
				18E9EFAE1D0890D50076D452 /* Frameworks */,
				18E2A4371CBEBEFE001DF460 /* Dovs App */,
				18E2A44C1CBEBEFF001DF460 /* Dovs AppTests */,
				18E2A4361CBEBEFE001DF460 /* Products */,
			);
			sourceTree = "<group>";
		};
		18E2A4361CBEBEFE001DF460 /* Products */ = {
			isa = PBXGroup;
			children = (
				18E2A4351CBEBEFE001DF460 /* Dovs App.app */,
				18E2A4491CBEBEFF001DF460 /* Dovs AppTests.xctest */,
				182375641D14397D00DC4DB7 /* DovAppExtension.appex */,
			);
			name = Products;
			sourceTree = "<group>";
		};
		18E2A4371CBEBEFE001DF460 /* Dovs App */ = {
			isa = PBXGroup;
			children = (
				182375671D14397D00DC4DB7 /* DovAppExtension */,
				18E9EFB01D0894480076D452 /* MISSION CRITICAL */,
				183C7EBB1D00AD2400CF496F /* Storyboards */,
				183C7EBA1D00AB5100CF496F /* View controllers code */,
				18E9EFAF1D0894270076D452 /* Asset catalogs */,
			);
			path = "Dovs App";
			sourceTree = "<group>";
		};
		18E2A44C1CBEBEFF001DF460 /* Dovs AppTests */ = {
			isa = PBXGroup;
			children = (
				18F25B221D01C19F00AD3C46 /* Dovs_AppTests.swift */,
				18E2A44F1CBEBEFF001DF460 /* Info.plist */,
			);
			path = "Dovs AppTests";
			sourceTree = "<group>";
		};
		18E9EFAE1D0890D50076D452 /* Frameworks */ = {
			isa = PBXGroup;
			children = (
				18E9EFAC1D0890C80076D452 /* MapKit.framework */,
				182375651D14397D00DC4DB7 /* NotificationCenter.framework */,
			);
			name = Frameworks;
			sourceTree = "<group>";
		};
		18E9EFAF1D0894270076D452 /* Asset catalogs */ = {
			isa = PBXGroup;
			children = (
				18E2A43F1CBEBEFE001DF460 /* Assets.xcassets */,
				184806ED1CCEA03600763E00 /* Images.xcassets */,
			);
			name = "Asset catalogs";
			sourceTree = "<group>";
		};
		18E9EFB01D0894480076D452 /* MISSION CRITICAL */ = {
			isa = PBXGroup;
			children = (
				182375751D143F1700DC4DB7 /* Dovs App.entitlements */,
				18E2A4381CBEBEFE001DF460 /* AppDelegate.swift */,
				18E2A4441CBEBEFE001DF460 /* Info.plist */,
			);
			name = "MISSION CRITICAL";
			sourceTree = "<group>";
		};
/* End PBXGroup section */

/* Begin PBXNativeTarget section */
		182375631D14397C00DC4DB7 /* DovAppExtension */ = {
			isa = PBXNativeTarget;
			buildConfigurationList = 182375711D14397D00DC4DB7 /* Build configuration list for PBXNativeTarget "DovAppExtension" */;
			buildPhases = (
				182375601D14397C00DC4DB7 /* Sources */,
				182375611D14397C00DC4DB7 /* Frameworks */,
				182375621D14397C00DC4DB7 /* Resources */,
			);
			buildRules = (
			);
			dependencies = (
			);
			name = DovAppExtension;
			productName = DovAppExtension;
			productReference = 182375641D14397D00DC4DB7 /* DovAppExtension.appex */;
			productType = "com.apple.product-type.app-extension";
		};
		18E2A4341CBEBEFE001DF460 /* Dovs App */ = {
			isa = PBXNativeTarget;
			buildConfigurationList = 18E2A4521CBEBEFF001DF460 /* Build configuration list for PBXNativeTarget "Dovs App" */;
			buildPhases = (
				18E2A4311CBEBEFE001DF460 /* Sources */,
				18E2A4321CBEBEFE001DF460 /* Frameworks */,
				18E2A4331CBEBEFE001DF460 /* Resources */,
				182375741D14397D00DC4DB7 /* Embed App Extensions */,
			);
			buildRules = (
			);
			dependencies = (
				1823756F1D14397D00DC4DB7 /* PBXTargetDependency */,
			);
			name = "Dovs App";
			productName = "Dovs App";
			productReference = 18E2A4351CBEBEFE001DF460 /* Dovs App.app */;
			productType = "com.apple.product-type.application";
		};
		18E2A4481CBEBEFF001DF460 /* Dovs AppTests */ = {
			isa = PBXNativeTarget;
			buildConfigurationList = 18E2A4551CBEBEFF001DF460 /* Build configuration list for PBXNativeTarget "Dovs AppTests" */;
			buildPhases = (
				18E2A4451CBEBEFF001DF460 /* Sources */,
				18E2A4461CBEBEFF001DF460 /* Frameworks */,
				18E2A4471CBEBEFF001DF460 /* Resources */,
			);
			buildRules = (
			);
			dependencies = (
				18E2A44B1CBEBEFF001DF460 /* PBXTargetDependency */,
			);
			name = "Dovs AppTests";
			productName = "Dovs AppTests";
			productReference = 18E2A4491CBEBEFF001DF460 /* Dovs AppTests.xctest */;
			productType = "com.apple.product-type.bundle.unit-test";
		};
/* End PBXNativeTarget section */

/* Begin PBXProject section */
		18E2A42D1CBEBEFE001DF460 /* Project object */ = {
			isa = PBXProject;
			attributes = {
				LastSwiftMigration = 0730;
				LastSwiftUpdateCheck = 0800;
				LastUpgradeCheck = 0800;
				ORGANIZATIONNAME = "Dov Alperin";
				TargetAttributes = {
					182375631D14397C00DC4DB7 = {
						CreatedOnToolsVersion = 8.0;
						DevelopmentTeam = K53W56QQ98;
						DevelopmentTeamName = "Helium Foot Software";
						ProvisioningStyle = Automatic;
					};
					18E2A4341CBEBEFE001DF460 = {
						CreatedOnToolsVersion = 7.3;
						DevelopmentTeam = K53W56QQ98;
						LastSwiftMigration = 0800;
						ProvisioningStyle = Manual;
						SystemCapabilities = {
							com.apple.ApplicationGroups.iOS = {
								enabled = 0;
							};
							com.apple.Maps.iOS = {
								enabled = 1;
							};
							com.apple.Push = {
								enabled = 1;
							};
						};
					};
					18E2A4481CBEBEFF001DF460 = {
						CreatedOnToolsVersion = 7.3;
						LastSwiftMigration = 0800;
						TestTargetID = 18E2A4341CBEBEFE001DF460;
					};
				};
			};
			buildConfigurationList = 18E2A4301CBEBEFE001DF460 /* Build configuration list for PBXProject "Dovs App" */;
			compatibilityVersion = "Xcode 3.2";
			developmentRegion = English;
			hasScannedForEncodings = 0;
			knownRegions = (
				en,
				Base,
			);
			mainGroup = 18E2A42C1CBEBEFE001DF460;
			productRefGroup = 18E2A4361CBEBEFE001DF460 /* Products */;
			projectDirPath = "";
			projectRoot = "";
			targets = (
				18E2A4341CBEBEFE001DF460 /* Dovs App */,
				18E2A4481CBEBEFF001DF460 /* Dovs AppTests */,
				182375631D14397C00DC4DB7 /* DovAppExtension */,
			);
		};
/* End PBXProject section */

/* Begin PBXResourcesBuildPhase section */
		182375621D14397C00DC4DB7 /* Resources */ = {
			isa = PBXResourcesBuildPhase;
			buildActionMask = 2147483647;
			files = (
				1823756C1D14397D00DC4DB7 /* MainInterface.storyboard in Resources */,
			);
			runOnlyForDeploymentPostprocessing = 0;
		};
		18E2A4331CBEBEFE001DF460 /* Resources */ = {
			isa = PBXResourcesBuildPhase;
			buildActionMask = 2147483647;
			files = (
				18E2A4431CBEBEFE001DF460 /* LaunchScreen.storyboard in Resources */,
				184806EE1CCEA03600763E00 /* Images.xcassets in Resources */,
				18E2A4401CBEBEFE001DF460 /* Assets.xcassets in Resources */,
				18E2A43E1CBEBEFE001DF460 /* Main.storyboard in Resources */,
			);
			runOnlyForDeploymentPostprocessing = 0;
		};
		18E2A4471CBEBEFF001DF460 /* Resources */ = {
			isa = PBXResourcesBuildPhase;
			buildActionMask = 2147483647;
			files = (
			);
			runOnlyForDeploymentPostprocessing = 0;
		};
/* End PBXResourcesBuildPhase section */

/* Begin PBXSourcesBuildPhase section */
		182375601D14397C00DC4DB7 /* Sources */ = {
			isa = PBXSourcesBuildPhase;
			buildActionMask = 2147483647;
			files = (
				182375691D14397D00DC4DB7 /* TodayViewController.swift in Sources */,
			);
			runOnlyForDeploymentPostprocessing = 0;
		};
		18E2A4311CBEBEFE001DF460 /* Sources */ = {
			isa = PBXSourcesBuildPhase;
			buildActionMask = 2147483647;
			files = (
				18E2A43B1CBEBEFE001DF460 /* ViewController.swift in Sources */,
				18E2A4391CBEBEFE001DF460 /* AppDelegate.swift in Sources */,
				180464321CBFC2700019A0C1 /* ViewController3.swift in Sources */,
				1804642E1CBF0BCF0019A0C1 /* ViewController2.swift in Sources */,
				180464381CBFF0BE0019A0C1 /* ViewController4.swift in Sources */,
			);
			runOnlyForDeploymentPostprocessing = 0;
		};
		18E2A4451CBEBEFF001DF460 /* Sources */ = {
			isa = PBXSourcesBuildPhase;
			buildActionMask = 2147483647;
			files = (
				18F25B231D01C19F00AD3C46 /* Dovs_AppTests.swift in Sources */,
			);
			runOnlyForDeploymentPostprocessing = 0;
		};
/* End PBXSourcesBuildPhase section */

/* Begin PBXTargetDependency section */
		1823756F1D14397D00DC4DB7 /* PBXTargetDependency */ = {
			isa = PBXTargetDependency;
			target = 182375631D14397C00DC4DB7 /* DovAppExtension */;
			targetProxy = 1823756E1D14397D00DC4DB7 /* PBXContainerItemProxy */;
		};
		18E2A44B1CBEBEFF001DF460 /* PBXTargetDependency */ = {
			isa = PBXTargetDependency;
			target = 18E2A4341CBEBEFE001DF460 /* Dovs App */;
			targetProxy = 18E2A44A1CBEBEFF001DF460 /* PBXContainerItemProxy */;
		};
/* End PBXTargetDependency section */

/* Begin PBXVariantGroup section */
		1823756A1D14397D00DC4DB7 /* MainInterface.storyboard */ = {
			isa = PBXVariantGroup;
			children = (
				1823756B1D14397D00DC4DB7 /* Base */,
			);
			name = MainInterface.storyboard;
			sourceTree = "<group>";
		};
		18E2A43C1CBEBEFE001DF460 /* Main.storyboard */ = {
			isa = PBXVariantGroup;
			children = (
				18E2A43D1CBEBEFE001DF460 /* Base */,
			);
			name = Main.storyboard;
			sourceTree = "<group>";
		};
		18E2A4411CBEBEFE001DF460 /* LaunchScreen.storyboard */ = {
			isa = PBXVariantGroup;
			children = (
				18E2A4421CBEBEFE001DF460 /* Base */,
			);
			name = LaunchScreen.storyboard;
			sourceTree = "<group>";
		};
/* End PBXVariantGroup section */

/* Begin XCBuildConfiguration section */
		182375721D14397D00DC4DB7 /* Debug */ = {
			isa = XCBuildConfiguration;
			buildSettings = {
				CLANG_WARN_DOCUMENTATION_COMMENTS = YES;
				INFOPLIST_FILE = DovAppExtension/Info.plist;
				IPHONEOS_DEPLOYMENT_TARGET = 10.0;
				LD_RUNPATH_SEARCH_PATHS = "$(inherited) @executable_path/Frameworks @executable_path/../../Frameworks";
				PRODUCT_BUNDLE_IDENTIFIER = com.heliumfoot.DovsApp.DovAppExtension;
				PRODUCT_NAME = "$(TARGET_NAME)";
				SKIP_INSTALL = YES;
				SWIFT_ACTIVE_COMPILATION_CONDITIONS = DEBUG;
				SWIFT_VERSION = 3.0;
			};
			name = Debug;
		};
		182375731D14397D00DC4DB7 /* Release */ = {
			isa = XCBuildConfiguration;
			buildSettings = {
				CLANG_WARN_DOCUMENTATION_COMMENTS = YES;
				CODE_SIGN_IDENTITY = "iPhone Developer";
				INFOPLIST_FILE = DovAppExtension/Info.plist;
				IPHONEOS_DEPLOYMENT_TARGET = 10.0;
				LD_RUNPATH_SEARCH_PATHS = "$(inherited) @executable_path/Frameworks @executable_path/../../Frameworks";
				PRODUCT_BUNDLE_IDENTIFIER = com.heliumfoot.DovsApp.DovAppExtension;
				PRODUCT_NAME = "$(TARGET_NAME)";
				SKIP_INSTALL = YES;
				SWIFT_OPTIMIZATION_LEVEL = "-Owholemodule";
				SWIFT_VERSION = 3.0;
			};
			name = Release;
		};
		18E2A4501CBEBEFF001DF460 /* Debug */ = {
			isa = XCBuildConfiguration;
			buildSettings = {
				ALWAYS_SEARCH_USER_PATHS = NO;
				CLANG_ANALYZER_NONNULL = YES;
				CLANG_CXX_LANGUAGE_STANDARD = "gnu++0x";
				CLANG_CXX_LIBRARY = "libc++";
				CLANG_ENABLE_MODULES = YES;
				CLANG_ENABLE_OBJC_ARC = YES;
				CLANG_WARN_BOOL_CONVERSION = YES;
				CLANG_WARN_CONSTANT_CONVERSION = YES;
				CLANG_WARN_DIRECT_OBJC_ISA_USAGE = YES_ERROR;
				CLANG_WARN_EMPTY_BODY = YES;
				CLANG_WARN_ENUM_CONVERSION = YES;
				CLANG_WARN_INT_CONVERSION = YES;
				CLANG_WARN_OBJC_ROOT_CLASS = YES_ERROR;
				CLANG_WARN_UNREACHABLE_CODE = YES;
				CLANG_WARN__DUPLICATE_METHOD_MATCH = YES;
				"CODE_SIGN_IDENTITY[sdk=iphoneos*]" = "iPhone Developer";
				COPY_PHASE_STRIP = NO;
				DEBUG_INFORMATION_FORMAT = dwarf;
				ENABLE_STRICT_OBJC_MSGSEND = YES;
				ENABLE_TESTABILITY = YES;
				GCC_C_LANGUAGE_STANDARD = gnu99;
				GCC_DYNAMIC_NO_PIC = NO;
				GCC_NO_COMMON_BLOCKS = YES;
				GCC_OPTIMIZATION_LEVEL = 0;
				GCC_PREPROCESSOR_DEFINITIONS = (
					"DEBUG=1",
					"$(inherited)",
				);
				GCC_WARN_64_TO_32_BIT_CONVERSION = YES;
				GCC_WARN_ABOUT_RETURN_TYPE = YES_ERROR;
				GCC_WARN_UNDECLARED_SELECTOR = YES;
				GCC_WARN_UNINITIALIZED_AUTOS = YES_AGGRESSIVE;
				GCC_WARN_UNUSED_FUNCTION = YES;
				GCC_WARN_UNUSED_VARIABLE = YES;
				IPHONEOS_DEPLOYMENT_TARGET = 9.3;
				MTL_ENABLE_DEBUG_INFO = YES;
				ONLY_ACTIVE_ARCH = YES;
				SDKROOT = iphoneos;
				SWIFT_OPTIMIZATION_LEVEL = "-Onone";
				TARGETED_DEVICE_FAMILY = "1,2";
			};
			name = Debug;
		};
		18E2A4511CBEBEFF001DF460 /* Release */ = {
			isa = XCBuildConfiguration;
			buildSettings = {
				ALWAYS_SEARCH_USER_PATHS = NO;
				CLANG_ANALYZER_NONNULL = YES;
				CLANG_CXX_LANGUAGE_STANDARD = "gnu++0x";
				CLANG_CXX_LIBRARY = "libc++";
				CLANG_ENABLE_MODULES = YES;
				CLANG_ENABLE_OBJC_ARC = YES;
				CLANG_WARN_BOOL_CONVERSION = YES;
				CLANG_WARN_CONSTANT_CONVERSION = YES;
				CLANG_WARN_DIRECT_OBJC_ISA_USAGE = YES_ERROR;
				CLANG_WARN_EMPTY_BODY = YES;
				CLANG_WARN_ENUM_CONVERSION = YES;
				CLANG_WARN_INT_CONVERSION = YES;
				CLANG_WARN_OBJC_ROOT_CLASS = YES_ERROR;
				CLANG_WARN_UNREACHABLE_CODE = YES;
				CLANG_WARN__DUPLICATE_METHOD_MATCH = YES;
				"CODE_SIGN_IDENTITY[sdk=iphoneos*]" = "iPhone Developer";
				COPY_PHASE_STRIP = NO;
				DEBUG_INFORMATION_FORMAT = "dwarf-with-dsym";
				ENABLE_NS_ASSERTIONS = NO;
				ENABLE_STRICT_OBJC_MSGSEND = YES;
				GCC_C_LANGUAGE_STANDARD = gnu99;
				GCC_NO_COMMON_BLOCKS = YES;
				GCC_WARN_64_TO_32_BIT_CONVERSION = YES;
				GCC_WARN_ABOUT_RETURN_TYPE = YES_ERROR;
				GCC_WARN_UNDECLARED_SELECTOR = YES;
				GCC_WARN_UNINITIALIZED_AUTOS = YES_AGGRESSIVE;
				GCC_WARN_UNUSED_FUNCTION = YES;
				GCC_WARN_UNUSED_VARIABLE = YES;
				IPHONEOS_DEPLOYMENT_TARGET = 9.3;
				MTL_ENABLE_DEBUG_INFO = NO;
				SDKROOT = iphoneos;
				TARGETED_DEVICE_FAMILY = "1,2";
				VALIDATE_PRODUCT = YES;
			};
			name = Release;
		};
		18E2A4531CBEBEFF001DF460 /* Debug */ = {
			isa = XCBuildConfiguration;
			buildSettings = {
				ALWAYS_EMBED_SWIFT_STANDARD_LIBRARIES = YES;
				ASSETCATALOG_COMPILER_APPICON_NAME = AppIcon;
				CODE_SIGN_ENTITLEMENTS = "Dovs App/Dovs App.entitlements";
				CODE_SIGN_IDENTITY = "";
				"CODE_SIGN_IDENTITY[sdk=iphoneos*]" = "iPhone Developer";
				INFOPLIST_FILE = "Dovs App/Info.plist";
				IPHONEOS_DEPLOYMENT_TARGET = 9.0;
				LD_RUNPATH_SEARCH_PATHS = "$(inherited) @executable_path/Frameworks";
				PRODUCT_BUNDLE_IDENTIFIER = com.heliumfoot.DovsApp;
				PRODUCT_NAME = "$(TARGET_NAME)";
				PROVISIONING_PROFILE = "c0c1b40c-bc3a-4f7c-85b5-1a39b4db1873";
				PROVISIONING_PROFILE_SPECIFIER = "K53W56QQ98/DovsApp development";
				SWIFT_VERSION = 3.0;
				TARGETED_DEVICE_FAMILY = "1,2";
			};
			name = Debug;
		};
		18E2A4541CBEBEFF001DF460 /* Release */ = {
			isa = XCBuildConfiguration;
			buildSettings = {
				ALWAYS_EMBED_SWIFT_STANDARD_LIBRARIES = YES;
				ASSETCATALOG_COMPILER_APPICON_NAME = AppIcon;
				CODE_SIGN_ENTITLEMENTS = "Dovs App/Dovs App.entitlements";
				CODE_SIGN_IDENTITY = "iPhone Developer";
				"CODE_SIGN_IDENTITY[sdk=iphoneos*]" = "iPhone Developer";
				INFOPLIST_FILE = "Dovs App/Info.plist";
				IPHONEOS_DEPLOYMENT_TARGET = 9.0;
				LD_RUNPATH_SEARCH_PATHS = "$(inherited) @executable_path/Frameworks";
				PRODUCT_BUNDLE_IDENTIFIER = com.heliumfoot.DovsApp;
				PRODUCT_NAME = "$(TARGET_NAME)";
				PROVISIONING_PROFILE = "c0c1b40c-bc3a-4f7c-85b5-1a39b4db1873";
				PROVISIONING_PROFILE_SPECIFIER = "K53W56QQ98/DovsApp development";
				SWIFT_OPTIMIZATION_LEVEL = "-Owholemodule";
				SWIFT_VERSION = 3.0;
				TARGETED_DEVICE_FAMILY = "1,2";
			};
			name = Release;
		};
		18E2A4561CBEBEFF001DF460 /* Debug */ = {
			isa = XCBuildConfiguration;
			buildSettings = {
				BUNDLE_LOADER = "$(TEST_HOST)";
				INFOPLIST_FILE = "Dovs AppTests/Info.plist";
				LD_RUNPATH_SEARCH_PATHS = "$(inherited) @executable_path/Frameworks @loader_path/Frameworks";
				PRODUCT_BUNDLE_IDENTIFIER = "com.example.Dovs-AppTests";
				PRODUCT_NAME = "$(TARGET_NAME)";
				SWIFT_VERSION = 3.0;
				TEST_HOST = "$(BUILT_PRODUCTS_DIR)/Dovs App.app/Dovs App";
			};
			name = Debug;
		};
		18E2A4571CBEBEFF001DF460 /* Release */ = {
			isa = XCBuildConfiguration;
			buildSettings = {
				BUNDLE_LOADER = "$(TEST_HOST)";
				INFOPLIST_FILE = "Dovs AppTests/Info.plist";
				LD_RUNPATH_SEARCH_PATHS = "$(inherited) @executable_path/Frameworks @loader_path/Frameworks";
				PRODUCT_BUNDLE_IDENTIFIER = "com.example.Dovs-AppTests";
				PRODUCT_NAME = "$(TARGET_NAME)";
				SWIFT_OPTIMIZATION_LEVEL = "-Owholemodule";
				SWIFT_VERSION = 3.0;
				TEST_HOST = "$(BUILT_PRODUCTS_DIR)/Dovs App.app/Dovs App";
			};
			name = Release;
		};
/* End XCBuildConfiguration section */

/* Begin XCConfigurationList section */
		182375711D14397D00DC4DB7 /* Build configuration list for PBXNativeTarget "DovAppExtension" */ = {
			isa = XCConfigurationList;
			buildConfigurations = (
				182375721D14397D00DC4DB7 /* Debug */,
				182375731D14397D00DC4DB7 /* Release */,
			);
			defaultConfigurationIsVisible = 0;
			defaultConfigurationName = Release;
		};
		18E2A4301CBEBEFE001DF460 /* Build configuration list for PBXProject "Dovs App" */ = {
			isa = XCConfigurationList;
			buildConfigurations = (
				18E2A4501CBEBEFF001DF460 /* Debug */,
				18E2A4511CBEBEFF001DF460 /* Release */,
			);
			defaultConfigurationIsVisible = 0;
			defaultConfigurationName = Release;
		};
		18E2A4521CBEBEFF001DF460 /* Build configuration list for PBXNativeTarget "Dovs App" */ = {
			isa = XCConfigurationList;
			buildConfigurations = (
				18E2A4531CBEBEFF001DF460 /* Debug */,
				18E2A4541CBEBEFF001DF460 /* Release */,
			);
			defaultConfigurationIsVisible = 0;
			defaultConfigurationName = Release;
		};
		18E2A4551CBEBEFF001DF460 /* Build configuration list for PBXNativeTarget "Dovs AppTests" */ = {
			isa = XCConfigurationList;
			buildConfigurations = (
				18E2A4561CBEBEFF001DF460 /* Debug */,
				18E2A4571CBEBEFF001DF460 /* Release */,
			);
			defaultConfigurationIsVisible = 0;
			defaultConfigurationName = Release;
		};
/* End XCConfigurationList section */
	};
	rootObject = 18E2A42D1CBEBEFE001DF460 /* Project object */;
}
